// !$*UTF8*$!
{
	archiveVersion = 1;
	classes = {
	};
	objectVersion = 46;
	objects = {

/* Begin PBXBuildFile section */
		651B0BEA5894741FE5C97286 /* Pods_TheRestistance.framework in Frameworks */ = {isa = PBXBuildFile; fileRef = 4DBBF2D377E5C87BD3818795 /* Pods_TheRestistance.framework */; };
		E7049A221D5913F7003893B4 /* AppDelegate.swift in Sources */ = {isa = PBXBuildFile; fileRef = E7049A211D5913F7003893B4 /* AppDelegate.swift */; };
		E7049A271D5913F7003893B4 /* Main.storyboard in Resources */ = {isa = PBXBuildFile; fileRef = E7049A251D5913F7003893B4 /* Main.storyboard */; };
		E7049A291D5913F7003893B4 /* Assets.xcassets in Resources */ = {isa = PBXBuildFile; fileRef = E7049A281D5913F7003893B4 /* Assets.xcassets */; };
		E7049A2C1D5913F7003893B4 /* LaunchScreen.storyboard in Resources */ = {isa = PBXBuildFile; fileRef = E7049A2A1D5913F7003893B4 /* LaunchScreen.storyboard */; };
		E7049A341D591802003893B4 /* GoogleService-Info.plist in Resources */ = {isa = PBXBuildFile; fileRef = E7049A331D591802003893B4 /* GoogleService-Info.plist */; };
		E713107F1D73BEBD007906FF /* GameStartViewController.swift in Sources */ = {isa = PBXBuildFile; fileRef = E713107E1D73BEBD007906FF /* GameStartViewController.swift */; };
		E732D1FB1D6CF9BF0032A5CA /* CreateGameViewController.swift in Sources */ = {isa = PBXBuildFile; fileRef = E732D1F71D6CF9BF0032A5CA /* CreateGameViewController.swift */; };
		E732D1FC1D6CF9BF0032A5CA /* GameLobbyViewController.swift in Sources */ = {isa = PBXBuildFile; fileRef = E732D1F81D6CF9BF0032A5CA /* GameLobbyViewController.swift */; };
		E732D1FD1D6CF9BF0032A5CA /* JoinGameViewController.swift in Sources */ = {isa = PBXBuildFile; fileRef = E732D1F91D6CF9BF0032A5CA /* JoinGameViewController.swift */; };
		E732D1FE1D6CF9BF0032A5CA /* JoinOrCreateGameViewController.swift in Sources */ = {isa = PBXBuildFile; fileRef = E732D1FA1D6CF9BF0032A5CA /* JoinOrCreateGameViewController.swift */; };
		E732D2031D6CF9E70032A5CA /* FIRConstants.swift in Sources */ = {isa = PBXBuildFile; fileRef = E732D1FF1D6CF9E70032A5CA /* FIRConstants.swift */; };
		E732D2041D6CF9E70032A5CA /* FIRSession.swift in Sources */ = {isa = PBXBuildFile; fileRef = E732D2001D6CF9E70032A5CA /* FIRSession.swift */; };
		E732D2051D6CF9E70032A5CA /* FIRSessionCodes.swift in Sources */ = {isa = PBXBuildFile; fileRef = E732D2011D6CF9E70032A5CA /* FIRSessionCodes.swift */; };
		E732D2061D6CF9E70032A5CA /* FIRUser.swift in Sources */ = {isa = PBXBuildFile; fileRef = E732D2021D6CF9E70032A5CA /* FIRUser.swift */; };
		E7AA0F9D1D5BCF13000DBF3D /* PlayerCell.swift in Sources */ = {isa = PBXBuildFile; fileRef = E7AA0F9C1D5BCF13000DBF3D /* PlayerCell.swift */; };
/* End PBXBuildFile section */

/* Begin PBXFileReference section */
		2FBED832FE9B5FA7BEF9BBE3 /* Pods-TheRestistance.debug.xcconfig */ = {isa = PBXFileReference; includeInIndex = 1; lastKnownFileType = text.xcconfig; name = "Pods-TheRestistance.debug.xcconfig"; path = "Pods/Target Support Files/Pods-TheRestistance/Pods-TheRestistance.debug.xcconfig"; sourceTree = "<group>"; };
		4DBBF2D377E5C87BD3818795 /* Pods_TheRestistance.framework */ = {isa = PBXFileReference; explicitFileType = wrapper.framework; includeInIndex = 0; path = Pods_TheRestistance.framework; sourceTree = BUILT_PRODUCTS_DIR; };
		6A08315112F22CF72C82AE30 /* Pods-TheRestistance.release.xcconfig */ = {isa = PBXFileReference; includeInIndex = 1; lastKnownFileType = text.xcconfig; name = "Pods-TheRestistance.release.xcconfig"; path = "Pods/Target Support Files/Pods-TheRestistance/Pods-TheRestistance.release.xcconfig"; sourceTree = "<group>"; };
		E7049A1E1D5913F7003893B4 /* TheRestistance.app */ = {isa = PBXFileReference; explicitFileType = wrapper.application; includeInIndex = 0; path = TheRestistance.app; sourceTree = BUILT_PRODUCTS_DIR; };
		E7049A211D5913F7003893B4 /* AppDelegate.swift */ = {isa = PBXFileReference; lastKnownFileType = sourcecode.swift; path = AppDelegate.swift; sourceTree = "<group>"; };
		E7049A261D5913F7003893B4 /* Base */ = {isa = PBXFileReference; lastKnownFileType = file.storyboard; name = Base; path = Base.lproj/Main.storyboard; sourceTree = "<group>"; };
		E7049A281D5913F7003893B4 /* Assets.xcassets */ = {isa = PBXFileReference; lastKnownFileType = folder.assetcatalog; path = Assets.xcassets; sourceTree = "<group>"; };
		E7049A2B1D5913F7003893B4 /* Base */ = {isa = PBXFileReference; lastKnownFileType = file.storyboard; name = Base; path = Base.lproj/LaunchScreen.storyboard; sourceTree = "<group>"; };
		E7049A2D1D5913F7003893B4 /* Info.plist */ = {isa = PBXFileReference; lastKnownFileType = text.plist.xml; path = Info.plist; sourceTree = "<group>"; };
		E7049A331D591802003893B4 /* GoogleService-Info.plist */ = {isa = PBXFileReference; fileEncoding = 4; lastKnownFileType = text.plist.xml; path = "GoogleService-Info.plist"; sourceTree = "<group>"; };
		E713107E1D73BEBD007906FF /* GameStartViewController.swift */ = {isa = PBXFileReference; fileEncoding = 4; lastKnownFileType = sourcecode.swift; path = GameStartViewController.swift; sourceTree = "<group>"; };
		E732D1F71D6CF9BF0032A5CA /* CreateGameViewController.swift */ = {isa = PBXFileReference; fileEncoding = 4; lastKnownFileType = sourcecode.swift; name = CreateGameViewController.swift; path = Controllers/CreateGameViewController.swift; sourceTree = "<group>"; };
		E732D1F81D6CF9BF0032A5CA /* GameLobbyViewController.swift */ = {isa = PBXFileReference; fileEncoding = 4; lastKnownFileType = sourcecode.swift; name = GameLobbyViewController.swift; path = Controllers/GameLobbyViewController.swift; sourceTree = "<group>"; };
		E732D1F91D6CF9BF0032A5CA /* JoinGameViewController.swift */ = {isa = PBXFileReference; fileEncoding = 4; lastKnownFileType = sourcecode.swift; name = JoinGameViewController.swift; path = Controllers/JoinGameViewController.swift; sourceTree = "<group>"; };
		E732D1FA1D6CF9BF0032A5CA /* JoinOrCreateGameViewController.swift */ = {isa = PBXFileReference; fileEncoding = 4; lastKnownFileType = sourcecode.swift; name = JoinOrCreateGameViewController.swift; path = Controllers/JoinOrCreateGameViewController.swift; sourceTree = "<group>"; };
		E732D1FF1D6CF9E70032A5CA /* FIRConstants.swift */ = {isa = PBXFileReference; fileEncoding = 4; lastKnownFileType = sourcecode.swift; name = FIRConstants.swift; path = "Firebase Helpers/FIRConstants.swift"; sourceTree = "<group>"; };
		E732D2001D6CF9E70032A5CA /* FIRSession.swift */ = {isa = PBXFileReference; fileEncoding = 4; lastKnownFileType = sourcecode.swift; name = FIRSession.swift; path = "Firebase Helpers/FIRSession.swift"; sourceTree = "<group>"; };
		E732D2011D6CF9E70032A5CA /* FIRSessionCodes.swift */ = {isa = PBXFileReference; fileEncoding = 4; lastKnownFileType = sourcecode.swift; name = FIRSessionCodes.swift; path = "Firebase Helpers/FIRSessionCodes.swift"; sourceTree = "<group>"; };
		E732D2021D6CF9E70032A5CA /* FIRUser.swift */ = {isa = PBXFileReference; fileEncoding = 4; lastKnownFileType = sourcecode.swift; name = FIRUser.swift; path = "Firebase Helpers/FIRUser.swift"; sourceTree = "<group>"; };
		E7AA0F9C1D5BCF13000DBF3D /* PlayerCell.swift */ = {isa = PBXFileReference; fileEncoding = 4; lastKnownFileType = sourcecode.swift; path = PlayerCell.swift; sourceTree = "<group>"; };
/* End PBXFileReference section */

/* Begin PBXFrameworksBuildPhase section */
		E7049A1B1D5913F7003893B4 /* Frameworks */ = {
			isa = PBXFrameworksBuildPhase;
			buildActionMask = 2147483647;
			files = (
				651B0BEA5894741FE5C97286 /* Pods_TheRestistance.framework in Frameworks */,
			);
			runOnlyForDeploymentPostprocessing = 0;
		};
/* End PBXFrameworksBuildPhase section */

/* Begin PBXGroup section */
		84C041A095878D03B37ABDD8 /* Pods */ = {
			isa = PBXGroup;
			children = (
				2FBED832FE9B5FA7BEF9BBE3 /* Pods-TheRestistance.debug.xcconfig */,
				6A08315112F22CF72C82AE30 /* Pods-TheRestistance.release.xcconfig */,
			);
			name = Pods;
			sourceTree = "<group>";
		};
		8DED625F429F931BDBF8FAA7 /* Frameworks */ = {
			isa = PBXGroup;
			children = (
				4DBBF2D377E5C87BD3818795 /* Pods_TheRestistance.framework */,
			);
			name = Frameworks;
			sourceTree = "<group>";
		};
		E7049A151D5913F7003893B4 = {
			isa = PBXGroup;
			children = (
				E7049A201D5913F7003893B4 /* TheRestistance */,
				E7049A1F1D5913F7003893B4 /* Products */,
				84C041A095878D03B37ABDD8 /* Pods */,
				8DED625F429F931BDBF8FAA7 /* Frameworks */,
			);
			sourceTree = "<group>";
		};
		E7049A1F1D5913F7003893B4 /* Products */ = {
			isa = PBXGroup;
			children = (
				E7049A1E1D5913F7003893B4 /* TheRestistance.app */,
			);
			name = Products;
			sourceTree = "<group>";
		};
		E7049A201D5913F7003893B4 /* TheRestistance */ = {
			isa = PBXGroup;
			children = (
				E7049A211D5913F7003893B4 /* AppDelegate.swift */,
				E7AA0F9C1D5BCF13000DBF3D /* PlayerCell.swift */,
				E7132D481D5CEC7B00773926 /* Firebase Helpers */,
				E7DCEEA31D5A4D6000F76F02 /* Pre-Playing View Controllers */,
				E7049A251D5913F7003893B4 /* Main.storyboard */,
				E7049A281D5913F7003893B4 /* Assets.xcassets */,
				E7049A2A1D5913F7003893B4 /* LaunchScreen.storyboard */,
				E7049A2D1D5913F7003893B4 /* Info.plist */,
				E7049A331D591802003893B4 /* GoogleService-Info.plist */,
			);
			path = TheRestistance;
			sourceTree = "<group>";
		};
		E7132D481D5CEC7B00773926 /* Firebase Helpers */ = {
			isa = PBXGroup;
			children = (
				E732D1FF1D6CF9E70032A5CA /* FIRConstants.swift */,
				E732D2001D6CF9E70032A5CA /* FIRSession.swift */,
				E732D2011D6CF9E70032A5CA /* FIRSessionCodes.swift */,
				E732D2021D6CF9E70032A5CA /* FIRUser.swift */,
			);
			name = "Firebase Helpers";
			sourceTree = "<group>";
		};
		E7DCEEA31D5A4D6000F76F02 /* Pre-Playing View Controllers */ = {
			isa = PBXGroup;
			children = (
				E732D1FA1D6CF9BF0032A5CA /* JoinOrCreateGameViewController.swift */,
				E732D1F91D6CF9BF0032A5CA /* JoinGameViewController.swift */,
				E732D1F71D6CF9BF0032A5CA /* CreateGameViewController.swift */,
				E732D1F81D6CF9BF0032A5CA /* GameLobbyViewController.swift */,
				E713107E1D73BEBD007906FF /* GameStartViewController.swift */,
			);
			name = "Pre-Playing View Controllers";
			sourceTree = "<group>";
		};
/* End PBXGroup section */

/* Begin PBXNativeTarget section */
		E7049A1D1D5913F7003893B4 /* TheRestistance */ = {
			isa = PBXNativeTarget;
			buildConfigurationList = E7049A301D5913F7003893B4 /* Build configuration list for PBXNativeTarget "TheRestistance" */;
			buildPhases = (
				E5ECF112D69CC79FCDD4C89F /* [CP] Check Pods Manifest.lock */,
				E7049A1A1D5913F7003893B4 /* Sources */,
				E7049A1B1D5913F7003893B4 /* Frameworks */,
				E7049A1C1D5913F7003893B4 /* Resources */,
				2730C32F698E3F7C2EC38576 /* [CP] Embed Pods Frameworks */,
				61932D2280154965A645830E /* [CP] Copy Pods Resources */,
			);
			buildRules = (
			);
			dependencies = (
			);
			name = TheRestistance;
			productName = TheRestistance;
			productReference = E7049A1E1D5913F7003893B4 /* TheRestistance.app */;
			productType = "com.apple.product-type.application";
		};
/* End PBXNativeTarget section */

/* Begin PBXProject section */
		E7049A161D5913F7003893B4 /* Project object */ = {
			isa = PBXProject;
			attributes = {
				LastSwiftUpdateCheck = 0730;
				LastUpgradeCheck = 0730;
				ORGANIZATIONNAME = "Alan Gao";
				TargetAttributes = {
					E7049A1D1D5913F7003893B4 = {
						CreatedOnToolsVersion = 7.3.1;
						DevelopmentTeam = CRQLR7R8J3;
					};
				};
			};
			buildConfigurationList = E7049A191D5913F7003893B4 /* Build configuration list for PBXProject "TheRestistance" */;
			compatibilityVersion = "Xcode 3.2";
			developmentRegion = English;
			hasScannedForEncodings = 0;
			knownRegions = (
				en,
				Base,
			);
			mainGroup = E7049A151D5913F7003893B4;
			productRefGroup = E7049A1F1D5913F7003893B4 /* Products */;
			projectDirPath = "";
			projectRoot = "";
			targets = (
				E7049A1D1D5913F7003893B4 /* TheRestistance */,
			);
		};
/* End PBXProject section */

/* Begin PBXResourcesBuildPhase section */
		E7049A1C1D5913F7003893B4 /* Resources */ = {
			isa = PBXResourcesBuildPhase;
			buildActionMask = 2147483647;
			files = (
				E7049A2C1D5913F7003893B4 /* LaunchScreen.storyboard in Resources */,
				E7049A341D591802003893B4 /* GoogleService-Info.plist in Resources */,
				E7049A291D5913F7003893B4 /* Assets.xcassets in Resources */,
				E7049A271D5913F7003893B4 /* Main.storyboard in Resources */,
			);
			runOnlyForDeploymentPostprocessing = 0;
		};
/* End PBXResourcesBuildPhase section */

/* Begin PBXShellScriptBuildPhase section */
		2730C32F698E3F7C2EC38576 /* [CP] Embed Pods Frameworks */ = {
			isa = PBXShellScriptBuildPhase;
			buildActionMask = 2147483647;
			files = (
			);
			inputPaths = (
			);
			name = "[CP] Embed Pods Frameworks";
			outputPaths = (
			);
			runOnlyForDeploymentPostprocessing = 0;
			shellPath = /bin/sh;
			shellScript = "\"${SRCROOT}/Pods/Target Support Files/Pods-TheRestistance/Pods-TheRestistance-frameworks.sh\"\n";
			showEnvVarsInLog = 0;
		};
		61932D2280154965A645830E /* [CP] Copy Pods Resources */ = {
			isa = PBXShellScriptBuildPhase;
			buildActionMask = 2147483647;
			files = (
			);
			inputPaths = (
			);
			name = "[CP] Copy Pods Resources";
			outputPaths = (
			);
			runOnlyForDeploymentPostprocessing = 0;
			shellPath = /bin/sh;
			shellScript = "\"${SRCROOT}/Pods/Target Support Files/Pods-TheRestistance/Pods-TheRestistance-resources.sh\"\n";
			showEnvVarsInLog = 0;
		};
		E5ECF112D69CC79FCDD4C89F /* [CP] Check Pods Manifest.lock */ = {
			isa = PBXShellScriptBuildPhase;
			buildActionMask = 2147483647;
			files = (
			);
			inputPaths = (
			);
			name = "[CP] Check Pods Manifest.lock";
			outputPaths = (
			);
			runOnlyForDeploymentPostprocessing = 0;
			shellPath = /bin/sh;
			shellScript = "diff \"${PODS_ROOT}/../Podfile.lock\" \"${PODS_ROOT}/Manifest.lock\" > /dev/null\nif [[ $? != 0 ]] ; then\n    cat << EOM\nerror: The sandbox is not in sync with the Podfile.lock. Run 'pod install' or update your CocoaPods installation.\nEOM\n    exit 1\nfi\n";
			showEnvVarsInLog = 0;
		};
/* End PBXShellScriptBuildPhase section */

/* Begin PBXSourcesBuildPhase section */
		E7049A1A1D5913F7003893B4 /* Sources */ = {
			isa = PBXSourcesBuildPhase;
			buildActionMask = 2147483647;
			files = (
				E732D2041D6CF9E70032A5CA /* FIRSession.swift in Sources */,
				E732D2031D6CF9E70032A5CA /* FIRConstants.swift in Sources */,
				E732D1FC1D6CF9BF0032A5CA /* GameLobbyViewController.swift in Sources */,
				E732D2051D6CF9E70032A5CA /* FIRSessionCodes.swift in Sources */,
				E7AA0F9D1D5BCF13000DBF3D /* PlayerCell.swift in Sources */,
				E732D2061D6CF9E70032A5CA /* FIRUser.swift in Sources */,
				E732D1FD1D6CF9BF0032A5CA /* JoinGameViewController.swift in Sources */,
				E732D1FB1D6CF9BF0032A5CA /* CreateGameViewController.swift in Sources */,
				E713107F1D73BEBD007906FF /* GameStartViewController.swift in Sources */,
				E732D1FE1D6CF9BF0032A5CA /* JoinOrCreateGameViewController.swift in Sources */,
				E7049A221D5913F7003893B4 /* AppDelegate.swift in Sources */,
			);
			runOnlyForDeploymentPostprocessing = 0;
		};
/* End PBXSourcesBuildPhase section */

/* Begin PBXVariantGroup section */
		E7049A251D5913F7003893B4 /* Main.storyboard */ = {
			isa = PBXVariantGroup;
			children = (
				E7049A261D5913F7003893B4 /* Base */,
			);
			name = Main.storyboard;
			sourceTree = "<group>";
		};
		E7049A2A1D5913F7003893B4 /* LaunchScreen.storyboard */ = {
			isa = PBXVariantGroup;
			children = (
				E7049A2B1D5913F7003893B4 /* Base */,
			);
			name = LaunchScreen.storyboard;
			sourceTree = "<group>";
		};
/* End PBXVariantGroup section */

/* Begin XCBuildConfiguration section */
		E7049A2E1D5913F7003893B4 /* Debug */ = {
			isa = XCBuildConfiguration;
			buildSettings = {
				ALWAYS_SEARCH_USER_PATHS = NO;
				CLANG_ANALYZER_NONNULL = YES;
				CLANG_CXX_LANGUAGE_STANDARD = "gnu++0x";
				CLANG_CXX_LIBRARY = "libc++";
				CLANG_ENABLE_MODULES = YES;
				CLANG_ENABLE_OBJC_ARC = YES;
				CLANG_WARN_BOOL_CONVERSION = YES;
				CLANG_WARN_CONSTANT_CONVERSION = YES;
				CLANG_WARN_DIRECT_OBJC_ISA_USAGE = YES_ERROR;
				CLANG_WARN_EMPTY_BODY = YES;
				CLANG_WARN_ENUM_CONVERSION = YES;
				CLANG_WARN_INT_CONVERSION = YES;
				CLANG_WARN_OBJC_ROOT_CLASS = YES_ERROR;
				CLANG_WARN_UNREACHABLE_CODE = YES;
				CLANG_WARN__DUPLICATE_METHOD_MATCH = YES;
				"CODE_SIGN_IDENTITY[sdk=iphoneos*]" = "iPhone Developer";
				COPY_PHASE_STRIP = NO;
				DEBUG_INFORMATION_FORMAT = dwarf;
				ENABLE_STRICT_OBJC_MSGSEND = YES;
				ENABLE_TESTABILITY = YES;
				GCC_C_LANGUAGE_STANDARD = gnu99;
				GCC_DYNAMIC_NO_PIC = NO;
				GCC_NO_COMMON_BLOCKS = YES;
				GCC_OPTIMIZATION_LEVEL = 0;
				GCC_PREPROCESSOR_DEFINITIONS = (
					"DEBUG=1",
					"$(inherited)",
				);
				GCC_WARN_64_TO_32_BIT_CONVERSION = YES;
				GCC_WARN_ABOUT_RETURN_TYPE = YES_ERROR;
				GCC_WARN_UNDECLARED_SELECTOR = YES;
				GCC_WARN_UNINITIALIZED_AUTOS = YES_AGGRESSIVE;
				GCC_WARN_UNUSED_FUNCTION = YES;
				GCC_WARN_UNUSED_VARIABLE = YES;
				IPHONEOS_DEPLOYMENT_TARGET = 9.3;
				MTL_ENABLE_DEBUG_INFO = YES;
				ONLY_ACTIVE_ARCH = YES;
				SDKROOT = iphoneos;
				SWIFT_OPTIMIZATION_LEVEL = "-Onone";
			};
			name = Debug;
		};
		E7049A2F1D5913F7003893B4 /* Release */ = {
			isa = XCBuildConfiguration;
			buildSettings = {
				ALWAYS_SEARCH_USER_PATHS = NO;
				CLANG_ANALYZER_NONNULL = YES;
				CLANG_CXX_LANGUAGE_STANDARD = "gnu++0x";
				CLANG_CXX_LIBRARY = "libc++";
				CLANG_ENABLE_MODULES = YES;
				CLANG_ENABLE_OBJC_ARC = YES;
				CLANG_WARN_BOOL_CONVERSION = YES;
				CLANG_WARN_CONSTANT_CONVERSION = YES;
				CLANG_WARN_DIRECT_OBJC_ISA_USAGE = YES_ERROR;
				CLANG_WARN_EMPTY_BODY = YES;
				CLANG_WARN_ENUM_CONVERSION = YES;
				CLANG_WARN_INT_CONVERSION = YES;
				CLANG_WARN_OBJC_ROOT_CLASS = YES_ERROR;
				CLANG_WARN_UNREACHABLE_CODE = YES;
				CLANG_WARN__DUPLICATE_METHOD_MATCH = YES;
				"CODE_SIGN_IDENTITY[sdk=iphoneos*]" = "iPhone Developer";
				COPY_PHASE_STRIP = NO;
				DEBUG_INFORMATION_FORMAT = "dwarf-with-dsym";
				ENABLE_NS_ASSERTIONS = NO;
				ENABLE_STRICT_OBJC_MSGSEND = YES;
				GCC_C_LANGUAGE_STANDARD = gnu99;
				GCC_NO_COMMON_BLOCKS = YES;
				GCC_WARN_64_TO_32_BIT_CONVERSION = YES;
				GCC_WARN_ABOUT_RETURN_TYPE = YES_ERROR;
				GCC_WARN_UNDECLARED_SELECTOR = YES;
				GCC_WARN_UNINITIALIZED_AUTOS = YES_AGGRESSIVE;
				GCC_WARN_UNUSED_FUNCTION = YES;
				GCC_WARN_UNUSED_VARIABLE = YES;
				IPHONEOS_DEPLOYMENT_TARGET = 9.3;
				MTL_ENABLE_DEBUG_INFO = NO;
				SDKROOT = iphoneos;
				VALIDATE_PRODUCT = YES;
			};
			name = Release;
		};
		E7049A311D5913F7003893B4 /* Debug */ = {
			isa = XCBuildConfiguration;
			baseConfigurationReference = 2FBED832FE9B5FA7BEF9BBE3 /* Pods-TheRestistance.debug.xcconfig */;
			buildSettings = {
				ASSETCATALOG_COMPILER_APPICON_NAME = AppIcon;
				CODE_SIGN_IDENTITY = "iPhone Developer";
				"CODE_SIGN_IDENTITY[sdk=iphoneos*]" = "iPhone Developer";
				INFOPLIST_FILE = TheRestistance/Info.plist;
				LD_RUNPATH_SEARCH_PATHS = "$(inherited) @executable_path/Frameworks";
				PRODUCT_BUNDLE_IDENTIFIER = com.AlanGao.TheRestistance;
				PRODUCT_NAME = "$(TARGET_NAME)";
				PROVISIONING_PROFILE = "";
			};
			name = Debug;
		};
		E7049A321D5913F7003893B4 /* Release */ = {
			isa = XCBuildConfiguration;
			baseConfigurationReference = 6A08315112F22CF72C82AE30 /* Pods-TheRestistance.release.xcconfig */;
			buildSettings = {
				ASSETCATALOG_COMPILER_APPICON_NAME = AppIcon;
				CODE_SIGN_IDENTITY = "iPhone Developer";
				"CODE_SIGN_IDENTITY[sdk=iphoneos*]" = "iPhone Developer";
				INFOPLIST_FILE = TheRestistance/Info.plist;
				LD_RUNPATH_SEARCH_PATHS = "$(inherited) @executable_path/Frameworks";
				PRODUCT_BUNDLE_IDENTIFIER = com.AlanGao.TheRestistance;
				PRODUCT_NAME = "$(TARGET_NAME)";
				PROVISIONING_PROFILE = "";
			};
			name = Release;
		};
/* End XCBuildConfiguration section */

/* Begin XCConfigurationList section */
		E7049A191D5913F7003893B4 /* Build configuration list for PBXProject "TheRestistance" */ = {
			isa = XCConfigurationList;
			buildConfigurations = (
				E7049A2E1D5913F7003893B4 /* Debug */,
				E7049A2F1D5913F7003893B4 /* Release */,
			);
			defaultConfigurationIsVisible = 0;
			defaultConfigurationName = Release;
		};
		E7049A301D5913F7003893B4 /* Build configuration list for PBXNativeTarget "TheRestistance" */ = {
			isa = XCConfigurationList;
			buildConfigurations = (
				E7049A311D5913F7003893B4 /* Debug */,
				E7049A321D5913F7003893B4 /* Release */,
			);
			defaultConfigurationIsVisible = 0;
			defaultConfigurationName = Release;
		};
/* End XCConfigurationList section */
	};
	rootObject = E7049A161D5913F7003893B4 /* Project object */;
}
